
Microsoft Visual Studio Solution File, Format Version 12.00
# Visual Studio Version 16
VisualStudioVersion = 16.0.32106.194
MinimumVisualStudioVersion = 10.0.40219.1
Project("{FAE04EC0-301F-11D3-BF4B-00C04F79EFBC}") = "WebApp01", "WebApp01.csproj", "{FED1BA6C-9730-43F1-82D2-32D215372C9C}"
EndProject
Global
	GlobalSection(SolutionConfigurationPlatforms) = preSolution
		Debug|Any CPU = Debug|Any CPU
		Release|Any CPU = Release|Any CPU
	EndGlobalSection
	GlobalSection(ProjectConfigurationPlatforms) = postSolution
		{FED1BA6C-9730-43F1-82D2-32D215372C9C}.Debug|Any CPU.ActiveCfg = Debug|Any CPU
		{FED1BA6C-9730-43F1-82D2-32D215372C9C}.Debug|Any CPU.Build.0 = Debug|Any CPU
		{FED1BA6C-9730-43F1-82D2-32D215372C9C}.Release|Any CPU.ActiveCfg = Release|Any CPU
		{FED1BA6C-9730-43F1-82D2-32D215372C9C}.Release|Any CPU.Build.0 = Release|Any CPU
	EndGlobalSection
	GlobalSection(SolutionProperties) = preSolution
		HideSolutionNode = FALSE
	EndGlobalSection
	GlobalSection(ExtensibilityGlobals) = postSolution
		SolutionGuid = {FD1D6D0C-DA7E-4E1A-AB93-C444381320EB}
	EndGlobalSection
EndGlobal
